
Microsoft Visual Studio Solution File, Format Version 12.00
# Visual Studio Version 17
VisualStudioVersion = 17.1.32210.238
MinimumVisualStudioVersion = 10.0.40219.1
Project("{FAE04EC0-301F-11D3-BF4B-00C04F79EFBC}") = "OrderGIS", "OrderGIS\OrderGIS.csproj", "{EDECDC02-6611-4E69-94FF-67A81E2DF774}"
EndProject
Project("{FAE04EC0-301F-11D3-BF4B-00C04F79EFBC}") = "GisOrderUnitTests", "GisOrderUnitTests\GisOrderUnitTests.csproj", "{03EBE28D-4488-4325-9B21-EC38B9BD30DD}"
EndProject
Global
	GlobalSection(SolutionConfigurationPlatforms) = preSolution
		Debug|Any CPU = Debug|Any CPU
		Release|Any CPU = Release|Any CPU
	EndGlobalSection
	GlobalSection(ProjectConfigurationPlatforms) = postSolution
		{EDECDC02-6611-4E69-94FF-67A81E2DF774}.Debug|Any CPU.ActiveCfg = Debug|Any CPU
		{EDECDC02-6611-4E69-94FF-67A81E2DF774}.Debug|Any CPU.Build.0 = Debug|Any CPU
		{EDECDC02-6611-4E69-94FF-67A81E2DF774}.Release|Any CPU.ActiveCfg = Release|Any CPU
		{EDECDC02-6611-4E69-94FF-67A81E2DF774}.Release|Any CPU.Build.0 = Release|Any CPU
		{03EBE28D-4488-4325-9B21-EC38B9BD30DD}.Debug|Any CPU.ActiveCfg = Debug|Any CPU
		{03EBE28D-4488-4325-9B21-EC38B9BD30DD}.Debug|Any CPU.Build.0 = Debug|Any CPU
		{03EBE28D-4488-4325-9B21-EC38B9BD30DD}.Release|Any CPU.ActiveCfg = Release|Any CPU
		{03EBE28D-4488-4325-9B21-EC38B9BD30DD}.Release|Any CPU.Build.0 = Release|Any CPU
	EndGlobalSection
	GlobalSection(SolutionProperties) = preSolution
		HideSolutionNode = FALSE
	EndGlobalSection
	GlobalSection(ExtensibilityGlobals) = postSolution
		SolutionGuid = {A1B37B96-5EA8-4984-89C5-AA22ECD64EE2}
	EndGlobalSection
EndGlobal
